# This file was autogenerated by Stack.
# You should not edit this file by hand.
# For more information, please see the documentation at:
#   https://docs.haskellstack.org/en/stable/lock_files

packages:
- completed:
    cabal-file:
      size: 3050
      sha256: e933f7be2ce9131cdba4738146768daa444ca0cb503c1a7332dc2fa49a4a70e6
    name: uow-apis
    version: 0.2.0.0
    git: https://github.com/mbg/uow-apis
    pantry-tree:
      size: 3939
      sha256: 12c9c106b93bc05b22c6cbe16f122d96e0df2f9647f2ebdb320affb42cac4742
    commit: 4751eac544f00a3241a4f1851e97920b8f5f7c71
  original:
    git: https://github.com/mbg/uow-apis
    commit: 4751eac544f00a3241a4f1851e97920b8f5f7c71
snapshots:
- completed:
    size: 499889
    url: https://raw.githubusercontent.com/commercialhaskell/stackage-snapshots/master/lts/13/26.yaml
    sha256: ecb02ee16829df8d7219e7d7fe6c310819820bf335b0b9534bce84d3ea896684
  original: lts-13.26
